
Microsoft Visual Studio Solution File, Format Version 12.00
# Visual Studio 2013
VisualStudioVersion = 12.0.30501.0
MinimumVisualStudioVersion = 10.0.40219.1
Project("{FAE04EC0-301F-11D3-BF4B-00C04F79EFBC}") = "Plathe.UnitTests", "Plathe.UnitTests\Plathe.UnitTests.csproj", "{F359BC17-4D51-494D-84D6-5E41480E371E}"
EndProject
Project("{FAE04EC0-301F-11D3-BF4B-00C04F79EFBC}") = "Plathe.Domain", "Plathe.Domain\Plathe.Domain.csproj", "{ACE967E7-4640-4F8F-B722-55854F4B7BB4}"
EndProject
Project("{FAE04EC0-301F-11D3-BF4B-00C04F79EFBC}") = "Plathe.WebUI", "Plathe.WebUI\Plathe.WebUI.csproj", "{DEF41532-5435-4027-B9D8-18702E0F661A}"
EndProject
Project("{FAE04EC0-301F-11D3-BF4B-00C04F79EFBC}") = "Plathe.TabletUI", "Plathe.TabletUI\Plathe.TabletUI.csproj", "{01817F0D-F8E4-465B-885C-8300F5050C83}"
EndProject
Project("{FAE04EC0-301F-11D3-BF4B-00C04F79EFBC}") = "Plathe.AdminUI", "Plathe.AdminUI\Plathe.AdminUI.csproj", "{B7015066-23CB-40CC-B25F-2083C6044C8C}"
EndProject
Global
	GlobalSection(SolutionConfigurationPlatforms) = preSolution
		Debug|Any CPU = Debug|Any CPU
		Release|Any CPU = Release|Any CPU
	EndGlobalSection
	GlobalSection(ProjectConfigurationPlatforms) = postSolution
		{F359BC17-4D51-494D-84D6-5E41480E371E}.Debug|Any CPU.ActiveCfg = Debug|Any CPU
		{F359BC17-4D51-494D-84D6-5E41480E371E}.Debug|Any CPU.Build.0 = Debug|Any CPU
		{F359BC17-4D51-494D-84D6-5E41480E371E}.Release|Any CPU.ActiveCfg = Release|Any CPU
		{F359BC17-4D51-494D-84D6-5E41480E371E}.Release|Any CPU.Build.0 = Release|Any CPU
		{ACE967E7-4640-4F8F-B722-55854F4B7BB4}.Debug|Any CPU.ActiveCfg = Debug|Any CPU
		{ACE967E7-4640-4F8F-B722-55854F4B7BB4}.Debug|Any CPU.Build.0 = Debug|Any CPU
		{ACE967E7-4640-4F8F-B722-55854F4B7BB4}.Release|Any CPU.ActiveCfg = Release|Any CPU
		{ACE967E7-4640-4F8F-B722-55854F4B7BB4}.Release|Any CPU.Build.0 = Release|Any CPU
		{DEF41532-5435-4027-B9D8-18702E0F661A}.Debug|Any CPU.ActiveCfg = Debug|Any CPU
		{DEF41532-5435-4027-B9D8-18702E0F661A}.Debug|Any CPU.Build.0 = Debug|Any CPU
		{DEF41532-5435-4027-B9D8-18702E0F661A}.Release|Any CPU.ActiveCfg = Release|Any CPU
		{DEF41532-5435-4027-B9D8-18702E0F661A}.Release|Any CPU.Build.0 = Release|Any CPU
		{01817F0D-F8E4-465B-885C-8300F5050C83}.Debug|Any CPU.ActiveCfg = Debug|Any CPU
		{01817F0D-F8E4-465B-885C-8300F5050C83}.Debug|Any CPU.Build.0 = Debug|Any CPU
		{01817F0D-F8E4-465B-885C-8300F5050C83}.Release|Any CPU.ActiveCfg = Release|Any CPU
		{01817F0D-F8E4-465B-885C-8300F5050C83}.Release|Any CPU.Build.0 = Release|Any CPU
		{B7015066-23CB-40CC-B25F-2083C6044C8C}.Debug|Any CPU.ActiveCfg = Debug|Any CPU
		{B7015066-23CB-40CC-B25F-2083C6044C8C}.Debug|Any CPU.Build.0 = Debug|Any CPU
		{B7015066-23CB-40CC-B25F-2083C6044C8C}.Debug|Any CPU.Deploy.0 = Debug|Any CPU
		{B7015066-23CB-40CC-B25F-2083C6044C8C}.Release|Any CPU.ActiveCfg = Release|Any CPU
		{B7015066-23CB-40CC-B25F-2083C6044C8C}.Release|Any CPU.Build.0 = Release|Any CPU
	EndGlobalSection
	GlobalSection(SolutionProperties) = preSolution
		HideSolutionNode = FALSE
	EndGlobalSection
EndGlobal
