
Microsoft Visual Studio Solution File, Format Version 12.00
# Visual Studio 2013
VisualStudioVersion = 12.0.30501.0
MinimumVisualStudioVersion = 10.0.40219.1
Project("{FAE04EC0-301F-11D3-BF4B-00C04F79EFBC}") = "Plathe.UnitTests", "Plathe.UnitTests\Plathe.UnitTests.csproj", "{F359BC17-4D51-494D-84D6-5E41480E371E}"
EndProject
Project("{FAE04EC0-301F-11D3-BF4B-00C04F79EFBC}") = "Plathe.Domain", "Plathe.Domain\Plathe.Domain.csproj", "{ACE967E7-4640-4F8F-B722-55854F4B7BB4}"
EndProject
Project("{FAE04EC0-301F-11D3-BF4B-00C04F79EFBC}") = "Plathe.TabletUI", "Plathe.TabletUI\Plathe.TabletUI.csproj", "{01817F0D-F8E4-465B-885C-8300F5050C83}"
EndProject
Project("{FAE04EC0-301F-11D3-BF4B-00C04F79EFBC}") = "Plathe.Backend", "Plathe.Backend\Plathe.Backend.csproj", "{D60AF1D5-AE46-491F-9213-44585E8CBE3B}"
EndProject
Global
	GlobalSection(SolutionConfigurationPlatforms) = preSolution
		Debug|Any CPU = Debug|Any CPU
		Release|Any CPU = Release|Any CPU
	EndGlobalSection
	GlobalSection(ProjectConfigurationPlatforms) = postSolution
		{F359BC17-4D51-494D-84D6-5E41480E371E}.Debug|Any CPU.ActiveCfg = Debug|Any CPU
		{F359BC17-4D51-494D-84D6-5E41480E371E}.Debug|Any CPU.Build.0 = Debug|Any CPU
		{F359BC17-4D51-494D-84D6-5E41480E371E}.Release|Any CPU.ActiveCfg = Release|Any CPU
		{F359BC17-4D51-494D-84D6-5E41480E371E}.Release|Any CPU.Build.0 = Release|Any CPU
		{ACE967E7-4640-4F8F-B722-55854F4B7BB4}.Debug|Any CPU.ActiveCfg = Debug|Any CPU
		{ACE967E7-4640-4F8F-B722-55854F4B7BB4}.Debug|Any CPU.Build.0 = Debug|Any CPU
		{ACE967E7-4640-4F8F-B722-55854F4B7BB4}.Release|Any CPU.ActiveCfg = Release|Any CPU
		{ACE967E7-4640-4F8F-B722-55854F4B7BB4}.Release|Any CPU.Build.0 = Release|Any CPU
		{01817F0D-F8E4-465B-885C-8300F5050C83}.Debug|Any CPU.ActiveCfg = Debug|Any CPU
		{01817F0D-F8E4-465B-885C-8300F5050C83}.Debug|Any CPU.Build.0 = Debug|Any CPU
		{01817F0D-F8E4-465B-885C-8300F5050C83}.Release|Any CPU.ActiveCfg = Release|Any CPU
		{01817F0D-F8E4-465B-885C-8300F5050C83}.Release|Any CPU.Build.0 = Release|Any CPU
		{D60AF1D5-AE46-491F-9213-44585E8CBE3B}.Debug|Any CPU.ActiveCfg = Debug|Any CPU
		{D60AF1D5-AE46-491F-9213-44585E8CBE3B}.Debug|Any CPU.Build.0 = Debug|Any CPU
		{D60AF1D5-AE46-491F-9213-44585E8CBE3B}.Release|Any CPU.ActiveCfg = Release|Any CPU
		{D60AF1D5-AE46-491F-9213-44585E8CBE3B}.Release|Any CPU.Build.0 = Release|Any CPU
	EndGlobalSection
	GlobalSection(SolutionProperties) = preSolution
		HideSolutionNode = FALSE
	EndGlobalSection
EndGlobal
